// !$*UTF8*$!
{
	archiveVersion = 1;
	classes = {
	};
	objectVersion = 45;
	objects = {

/* Begin PBXFileReference section */
		A166082E18AB20D600D9E28A /* test_ring.cpp */ = {isa = PBXFileReference; fileEncoding = 4; lastKnownFileType = sourcecode.cpp.cpp; path = test_ring.cpp; sourceTree = "<group>"; };
		A166082F18AB20D600D9E28A /* test_timer.cpp */ = {isa = PBXFileReference; fileEncoding = 4; lastKnownFileType = sourcecode.cpp.cpp; path = test_timer.cpp; sourceTree = "<group>"; };
		A1AC6BF6176E80C100768236 /* test_vector.cpp */ = {isa = PBXFileReference; fileEncoding = 4; lastKnownFileType = sourcecode.cpp.cpp; name = test_vector.cpp; path = ../../src/test_vector.cpp; sourceTree = SOURCE_ROOT; };
		A1AC6C1E176E8A8400768236 /* test_memory_pool.cpp */ = {isa = PBXFileReference; fileEncoding = 4; lastKnownFileType = sourcecode.cpp.cpp; path = test_memory_pool.cpp; sourceTree = "<group>"; };
		A1AC6C1F176E8A8400768236 /* test_rb_tree.cpp */ = {isa = PBXFileReference; fileEncoding = 4; lastKnownFileType = sourcecode.cpp.cpp; path = test_rb_tree.cpp; sourceTree = "<group>"; };
		A1AC6C32176E921000768236 /* test_stack.cpp */ = {isa = PBXFileReference; fileEncoding = 4; lastKnownFileType = sourcecode.cpp.cpp; path = test_stack.cpp; sourceTree = "<group>"; };
		A1C080701783E00D00C60E4E /* libkghost.xcodeproj */ = {isa = PBXFileReference; lastKnownFileType = "wrapper.pb-project"; name = libkghost.xcodeproj; path = ../../../prj/xcode_3/libkghost.xcodeproj; sourceTree = SOURCE_ROOT; };
		A1F8EBD31785BEA2009282D0 /* test_freerec.cpp */ = {isa = PBXFileReference; fileEncoding = 4; lastKnownFileType = sourcecode.cpp.cpp; path = test_freerec.cpp; sourceTree = "<group>"; };
/* End PBXFileReference section */

/* Begin PBXGroup section */
		08FB7794FE84155DC02AAC07 /* libkghost-test */ = {
			isa = PBXGroup;
			children = (
				A1C080701783E00D00C60E4E /* libkghost.xcodeproj */,
				A1AC6C1C176E81AB00768236 /* src */,
			);
			name = "libkghost-test";
			sourceTree = "<group>";
		};
		A1AC6C1C176E81AB00768236 /* src */ = {
			isa = PBXGroup;
			children = (
				A166082E18AB20D600D9E28A /* test_ring.cpp */,
				A166082F18AB20D600D9E28A /* test_timer.cpp */,
				A1F8EBD31785BEA2009282D0 /* test_freerec.cpp */,
				A1AC6C32176E921000768236 /* test_stack.cpp */,
				A1AC6C1E176E8A8400768236 /* test_memory_pool.cpp */,
				A1AC6C1F176E8A8400768236 /* test_rb_tree.cpp */,
				A1AC6BF6176E80C100768236 /* test_vector.cpp */,
			);
			name = src;
			path = ../../src;
			sourceTree = "<group>";
		};
		A1C080711783E00D00C60E4E /* Products */ = {
			isa = PBXGroup;
			children = (
			);
			name = Products;
			sourceTree = "<group>";
		};
/* End PBXGroup section */

/* Begin PBXLegacyTarget section */
		D28A88AD04BDD90700651E21 /* libkghost-test */ = {
			isa = PBXLegacyTarget;
			buildArgumentsString = "$(ACTION)";
			buildConfigurationList = 1DEB918F08733D9F0010E9CD /* Build configuration list for PBXLegacyTarget "libkghost-test" */;
			buildPhases = (
			);
			buildToolPath = /usr/bin/make;
			buildWorkingDirectory = ../../;
			dependencies = (
			);
			name = "libkghost-test";
			passBuildSettingsInEnvironment = 0;
			productName = "libkghost-test";
		};
/* End PBXLegacyTarget section */

/* Begin PBXProject section */
		08FB7793FE84155DC02AAC07 /* Project object */ = {
			isa = PBXProject;
			attributes = {
			};
			buildConfigurationList = 1DEB919308733D9F0010E9CD /* Build configuration list for PBXProject "libkghost-test" */;
			compatibilityVersion = "Xcode 3.1";
			developmentRegion = English;
			hasScannedForEncodings = 1;
			knownRegions = (
				English,
				Japanese,
				French,
				German,
			);
			mainGroup = 08FB7794FE84155DC02AAC07 /* libkghost-test */;
			projectDirPath = "";
			projectReferences = (
				{
					ProductGroup = A1C080711783E00D00C60E4E /* Products */;
					ProjectRef = A1C080701783E00D00C60E4E /* libkghost.xcodeproj */;
				},
			);
			projectRoot = "";
			targets = (
				D28A88AD04BDD90700651E21 /* libkghost-test */,
			);
		};
/* End PBXProject section */

/* Begin XCBuildConfiguration section */
		1DEB919008733D9F0010E9CD /* Debug */ = {
			isa = XCBuildConfiguration;
			buildSettings = {
				COPY_PHASE_STRIP = NO;
				DEBUGGING_SYMBOLS = YES;
				GCC_DYNAMIC_NO_PIC = NO;
				GCC_ENABLE_FIX_AND_CONTINUE = YES;
				GCC_GENERATE_DEBUGGING_SYMBOLS = YES;
				GCC_OPTIMIZATION_LEVEL = 0;
				OTHER_CFLAGS = "";
				OTHER_LDFLAGS = "";
				PRODUCT_NAME = "libkghost-test";
			};
			name = Debug;
		};
		1DEB919108733D9F0010E9CD /* Release */ = {
			isa = XCBuildConfiguration;
			buildSettings = {
				COPY_PHASE_STRIP = YES;
				GCC_ENABLE_FIX_AND_CONTINUE = NO;
				OTHER_CFLAGS = "";
				OTHER_LDFLAGS = "";
				PRODUCT_NAME = "libkghost-test";
			};
			name = Release;
		};
		1DEB919408733D9F0010E9CD /* Debug */ = {
			isa = XCBuildConfiguration;
			buildSettings = {
				ARCHS = "$(ARCHS_STANDARD_64_BIT)";
				GCC_WARN_ABOUT_RETURN_TYPE = YES;
				GCC_WARN_UNUSED_VARIABLE = YES;
				ONLY_ACTIVE_ARCH = YES;
				PREBINDING = NO;
				SDKROOT = macosx10.6;
			};
			name = Debug;
		};
		1DEB919508733D9F0010E9CD /* Release */ = {
			isa = XCBuildConfiguration;
			buildSettings = {
				ARCHS = "$(ARCHS_STANDARD_32_BIT)";
				GCC_WARN_ABOUT_RETURN_TYPE = YES;
				GCC_WARN_UNUSED_VARIABLE = YES;
				PREBINDING = NO;
				SDKROOT = macosx10.6;
			};
			name = Release;
		};
/* End XCBuildConfiguration section */

/* Begin XCConfigurationList section */
		1DEB918F08733D9F0010E9CD /* Build configuration list for PBXLegacyTarget "libkghost-test" */ = {
			isa = XCConfigurationList;
			buildConfigurations = (
				1DEB919008733D9F0010E9CD /* Debug */,
				1DEB919108733D9F0010E9CD /* Release */,
			);
			defaultConfigurationIsVisible = 0;
			defaultConfigurationName = Release;
		};
		1DEB919308733D9F0010E9CD /* Build configuration list for PBXProject "libkghost-test" */ = {
			isa = XCConfigurationList;
			buildConfigurations = (
				1DEB919408733D9F0010E9CD /* Debug */,
				1DEB919508733D9F0010E9CD /* Release */,
			);
			defaultConfigurationIsVisible = 0;
			defaultConfigurationName = Release;
		};
/* End XCConfigurationList section */
	};
	rootObject = 08FB7793FE84155DC02AAC07 /* Project object */;
}
