// !$*UTF8*$!
{
	archiveVersion = 1;
	classes = {
	};
	objectVersion = 45;
	objects = {

/* Begin PBXBuildFile section */
		A125D2F3168929BF00269628 /* gl_pixel_buffer.c in Sources */ = {isa = PBXBuildFile; fileRef = A125D2F1168929BF00269628 /* gl_pixel_buffer.c */; };
		A125D2F4168929BF00269628 /* gl_texture.c in Sources */ = {isa = PBXBuildFile; fileRef = A125D2F2168929BF00269628 /* gl_texture.c */; };
		A16CEFAD16ACEF62008E79A0 /* command.c in Sources */ = {isa = PBXBuildFile; fileRef = A16CEFAB16ACEF62008E79A0 /* command.c */; };
		A16CEFAE16ACEF62008E79A0 /* image.c in Sources */ = {isa = PBXBuildFile; fileRef = A16CEFAC16ACEF62008E79A0 /* image.c */; };
		A193927E16744B500081CE31 /* gl_pixel.c in Sources */ = {isa = PBXBuildFile; fileRef = A193927D16744B500081CE31 /* gl_pixel.c */; };
		A1B5E40E1699171B009170C1 /* gl_canvas.c in Sources */ = {isa = PBXBuildFile; fileRef = A1B5E40D1699171B009170C1 /* gl_canvas.c */; };
		A1CD49D3166C7C3900383A6B /* gl_screen.c in Sources */ = {isa = PBXBuildFile; fileRef = A1CD49CE166C7C3900383A6B /* gl_screen.c */; };
		A1CD49D4166C7C3900383A6B /* gl_shader.c in Sources */ = {isa = PBXBuildFile; fileRef = A1CD49CF166C7C3900383A6B /* gl_shader.c */; };
		A1CD49D5166C7C3900383A6B /* glut_main.c in Sources */ = {isa = PBXBuildFile; fileRef = A1CD49D0166C7C3900383A6B /* glut_main.c */; };
		A1CD49D6166C7C3900383A6B /* main.cpp in Sources */ = {isa = PBXBuildFile; fileRef = A1CD49D1166C7C3900383A6B /* main.cpp */; };
		A1CD49D7166C7C3900383A6B /* test_image.c in Sources */ = {isa = PBXBuildFile; fileRef = A1CD49D2166C7C3900383A6B /* test_image.c */; };
		A1CD49E2166C7CC200383A6B /* OpenGL.framework in Frameworks */ = {isa = PBXBuildFile; fileRef = A1CD49E1166C7CC200383A6B /* OpenGL.framework */; };
		A1CD49E6166C7CD300383A6B /* GLUT.framework in Frameworks */ = {isa = PBXBuildFile; fileRef = A1CD49E5166C7CD300383A6B /* GLUT.framework */; };
		A1D5DE01168AA730003B1DE1 /* log.c in Sources */ = {isa = PBXBuildFile; fileRef = A1D5DE00168AA730003B1DE1 /* log.c */; };
/* End PBXBuildFile section */

/* Begin PBXCopyFilesBuildPhase section */
		8DD76FAF0486AB0100D96B5E /* CopyFiles */ = {
			isa = PBXCopyFilesBuildPhase;
			buildActionMask = 8;
			dstPath = /usr/share/man/man1/;
			dstSubfolderSpec = 0;
			files = (
			);
			runOnlyForDeploymentPostprocessing = 1;
		};
/* End PBXCopyFilesBuildPhase section */

/* Begin PBXFileReference section */
		8DD76FB20486AB0100D96B5E /* ghosts */ = {isa = PBXFileReference; explicitFileType = "compiled.mach-o.executable"; includeInIndex = 0; path = ghosts; sourceTree = BUILT_PRODUCTS_DIR; };
		A125C4171690EDC0005D6FFD /* fragment.frag */ = {isa = PBXFileReference; fileEncoding = 4; lastKnownFileType = sourcecode.glsl; name = fragment.frag; path = ../../glsl/fragment.frag; sourceTree = SOURCE_ROOT; };
		A125C4181690EDC0005D6FFD /* vertex.vert */ = {isa = PBXFileReference; fileEncoding = 4; lastKnownFileType = sourcecode.glsl; name = vertex.vert; path = ../../glsl/vertex.vert; sourceTree = SOURCE_ROOT; };
		A125D2F1168929BF00269628 /* gl_pixel_buffer.c */ = {isa = PBXFileReference; fileEncoding = 4; lastKnownFileType = sourcecode.c.c; path = gl_pixel_buffer.c; sourceTree = "<group>"; };
		A125D2F2168929BF00269628 /* gl_texture.c */ = {isa = PBXFileReference; fileEncoding = 4; lastKnownFileType = sourcecode.c.c; path = gl_texture.c; sourceTree = "<group>"; };
		A125D2FB168929F600269628 /* gl_pixel_buffer.h */ = {isa = PBXFileReference; fileEncoding = 4; lastKnownFileType = sourcecode.c.h; path = gl_pixel_buffer.h; sourceTree = "<group>"; };
		A125D2FC168929F600269628 /* gl_pixel.h */ = {isa = PBXFileReference; fileEncoding = 4; lastKnownFileType = sourcecode.c.h; path = gl_pixel.h; sourceTree = "<group>"; };
		A125D2FD168929F600269628 /* gl_screen.h */ = {isa = PBXFileReference; fileEncoding = 4; lastKnownFileType = sourcecode.c.h; path = gl_screen.h; sourceTree = "<group>"; };
		A125D2FE168929F600269628 /* gl_shader.h */ = {isa = PBXFileReference; fileEncoding = 4; lastKnownFileType = sourcecode.c.h; path = gl_shader.h; sourceTree = "<group>"; };
		A125D2FF168929F600269628 /* gl_texture.h */ = {isa = PBXFileReference; fileEncoding = 4; lastKnownFileType = sourcecode.c.h; path = gl_texture.h; sourceTree = "<group>"; };
		A125D300168929F600269628 /* glut_main.h */ = {isa = PBXFileReference; fileEncoding = 4; lastKnownFileType = sourcecode.c.h; path = glut_main.h; sourceTree = "<group>"; };
		A125D301168929F600269628 /* test_image.h */ = {isa = PBXFileReference; fileEncoding = 4; lastKnownFileType = sourcecode.c.h; path = test_image.h; sourceTree = "<group>"; };
		A16CEFAB16ACEF62008E79A0 /* command.c */ = {isa = PBXFileReference; fileEncoding = 4; lastKnownFileType = sourcecode.c.c; path = command.c; sourceTree = "<group>"; };
		A16CEFAC16ACEF62008E79A0 /* image.c */ = {isa = PBXFileReference; fileEncoding = 4; lastKnownFileType = sourcecode.c.c; path = image.c; sourceTree = "<group>"; };
		A16CEFAF16ACEF69008E79A0 /* command.h */ = {isa = PBXFileReference; fileEncoding = 4; lastKnownFileType = sourcecode.c.h; path = command.h; sourceTree = "<group>"; };
		A16CEFB016ACEF69008E79A0 /* image.h */ = {isa = PBXFileReference; fileEncoding = 4; lastKnownFileType = sourcecode.c.h; path = image.h; sourceTree = "<group>"; };
		A19122DE1724757600212A00 /* memory_pool.h */ = {isa = PBXFileReference; fileEncoding = 4; lastKnownFileType = sourcecode.c.h; path = memory_pool.h; sourceTree = "<group>"; };
		A193927D16744B500081CE31 /* gl_pixel.c */ = {isa = PBXFileReference; fileEncoding = 4; lastKnownFileType = sourcecode.c.c; name = gl_pixel.c; path = ../../src/gl_pixel.c; sourceTree = SOURCE_ROOT; };
		A1B5E40D1699171B009170C1 /* gl_canvas.c */ = {isa = PBXFileReference; fileEncoding = 4; lastKnownFileType = sourcecode.c.c; path = gl_canvas.c; sourceTree = "<group>"; };
		A1B5E40F16991724009170C1 /* gl_canvas.h */ = {isa = PBXFileReference; fileEncoding = 4; lastKnownFileType = sourcecode.c.h; path = gl_canvas.h; sourceTree = "<group>"; };
		A1B5E41016991724009170C1 /* gl_error.h */ = {isa = PBXFileReference; fileEncoding = 4; lastKnownFileType = sourcecode.c.h; path = gl_error.h; sourceTree = "<group>"; };
		A1CD49CE166C7C3900383A6B /* gl_screen.c */ = {isa = PBXFileReference; fileEncoding = 4; lastKnownFileType = sourcecode.c.c; name = gl_screen.c; path = ../../src/gl_screen.c; sourceTree = SOURCE_ROOT; };
		A1CD49CF166C7C3900383A6B /* gl_shader.c */ = {isa = PBXFileReference; fileEncoding = 4; lastKnownFileType = sourcecode.c.c; name = gl_shader.c; path = ../../src/gl_shader.c; sourceTree = SOURCE_ROOT; };
		A1CD49D0166C7C3900383A6B /* glut_main.c */ = {isa = PBXFileReference; fileEncoding = 4; lastKnownFileType = sourcecode.c.c; name = glut_main.c; path = ../../src/glut_main.c; sourceTree = SOURCE_ROOT; };
		A1CD49D1166C7C3900383A6B /* main.cpp */ = {isa = PBXFileReference; fileEncoding = 4; lastKnownFileType = sourcecode.cpp.cpp; name = main.cpp; path = ../../src/main.cpp; sourceTree = SOURCE_ROOT; };
		A1CD49D2166C7C3900383A6B /* test_image.c */ = {isa = PBXFileReference; fileEncoding = 4; lastKnownFileType = sourcecode.c.c; name = test_image.c; path = ../../src/test_image.c; sourceTree = SOURCE_ROOT; };
		A1CD49E1166C7CC200383A6B /* OpenGL.framework */ = {isa = PBXFileReference; lastKnownFileType = wrapper.framework; name = OpenGL.framework; path = System/Library/Frameworks/OpenGL.framework; sourceTree = SDKROOT; };
		A1CD49E5166C7CD300383A6B /* GLUT.framework */ = {isa = PBXFileReference; lastKnownFileType = wrapper.framework; name = GLUT.framework; path = System/Library/Frameworks/GLUT.framework; sourceTree = SDKROOT; };
		A1D5DDFF168AA725003B1DE1 /* log.h */ = {isa = PBXFileReference; fileEncoding = 4; lastKnownFileType = sourcecode.c.h; path = log.h; sourceTree = "<group>"; };
		A1D5DE00168AA730003B1DE1 /* log.c */ = {isa = PBXFileReference; fileEncoding = 4; lastKnownFileType = sourcecode.c.c; path = log.c; sourceTree = "<group>"; };
/* End PBXFileReference section */

/* Begin PBXFrameworksBuildPhase section */
		8DD76FAD0486AB0100D96B5E /* Frameworks */ = {
			isa = PBXFrameworksBuildPhase;
			buildActionMask = 2147483647;
			files = (
				A1CD49E2166C7CC200383A6B /* OpenGL.framework in Frameworks */,
				A1CD49E6166C7CD300383A6B /* GLUT.framework in Frameworks */,
			);
			runOnlyForDeploymentPostprocessing = 0;
		};
/* End PBXFrameworksBuildPhase section */

/* Begin PBXGroup section */
		08FB7794FE84155DC02AAC07 /* ghosts */ = {
			isa = PBXGroup;
			children = (
				A1CD4A40166C89F100383A6B /* glsl */,
				A1CD49E0166C7C9C00383A6B /* ext */,
				08FB7795FE84155DC02AAC07 /* src */,
				C6A0FF2B0290797F04C91782 /* inc */,
				1AB674ADFE9D54B511CA2CBB /* bin */,
			);
			name = ghosts;
			sourceTree = "<group>";
		};
		08FB7795FE84155DC02AAC07 /* src */ = {
			isa = PBXGroup;
			children = (
				A16CEFAB16ACEF62008E79A0 /* command.c */,
				A16CEFAC16ACEF62008E79A0 /* image.c */,
				A1B5E40D1699171B009170C1 /* gl_canvas.c */,
				A1D5DE00168AA730003B1DE1 /* log.c */,
				A125D2F1168929BF00269628 /* gl_pixel_buffer.c */,
				A125D2F2168929BF00269628 /* gl_texture.c */,
				A193927D16744B500081CE31 /* gl_pixel.c */,
				A1CD49CE166C7C3900383A6B /* gl_screen.c */,
				A1CD49CF166C7C3900383A6B /* gl_shader.c */,
				A1CD49D0166C7C3900383A6B /* glut_main.c */,
				A1CD49D1166C7C3900383A6B /* main.cpp */,
				A1CD49D2166C7C3900383A6B /* test_image.c */,
			);
			name = src;
			path = ../../src;
			sourceTree = "<group>";
		};
		1AB674ADFE9D54B511CA2CBB /* bin */ = {
			isa = PBXGroup;
			children = (
				8DD76FB20486AB0100D96B5E /* ghosts */,
			);
			name = bin;
			sourceTree = "<group>";
		};
		A1CD49E0166C7C9C00383A6B /* ext */ = {
			isa = PBXGroup;
			children = (
				A1CD49E1166C7CC200383A6B /* OpenGL.framework */,
				A1CD49E5166C7CD300383A6B /* GLUT.framework */,
			);
			name = ext;
			sourceTree = "<group>";
		};
		A1CD4A40166C89F100383A6B /* glsl */ = {
			isa = PBXGroup;
			children = (
				A125C4171690EDC0005D6FFD /* fragment.frag */,
				A125C4181690EDC0005D6FFD /* vertex.vert */,
			);
			name = glsl;
			sourceTree = "<group>";
		};
		C6A0FF2B0290797F04C91782 /* inc */ = {
			isa = PBXGroup;
			children = (
				A16CEFAF16ACEF69008E79A0 /* command.h */,
				A16CEFB016ACEF69008E79A0 /* image.h */,
				A1B5E40F16991724009170C1 /* gl_canvas.h */,
				A1B5E41016991724009170C1 /* gl_error.h */,
				A1D5DDFF168AA725003B1DE1 /* log.h */,
				A125D2FB168929F600269628 /* gl_pixel_buffer.h */,
				A125D2FC168929F600269628 /* gl_pixel.h */,
				A125D2FD168929F600269628 /* gl_screen.h */,
				A125D2FE168929F600269628 /* gl_shader.h */,
				A125D2FF168929F600269628 /* gl_texture.h */,
				A125D300168929F600269628 /* glut_main.h */,
				A125D301168929F600269628 /* test_image.h */,
				A19122DE1724757600212A00 /* memory_pool.h */,
			);
			name = inc;
			path = ../../inc;
			sourceTree = "<group>";
		};
/* End PBXGroup section */

/* Begin PBXNativeTarget section */
		8DD76FA90486AB0100D96B5E /* ghosts */ = {
			isa = PBXNativeTarget;
			buildConfigurationList = 1DEB928508733DD80010E9CD /* Build configuration list for PBXNativeTarget "ghosts" */;
			buildPhases = (
				8DD76FAB0486AB0100D96B5E /* Sources */,
				8DD76FAD0486AB0100D96B5E /* Frameworks */,
				8DD76FAF0486AB0100D96B5E /* CopyFiles */,
			);
			buildRules = (
			);
			dependencies = (
			);
			name = ghosts;
			productInstallPath = "$(HOME)/bin";
			productName = ghosts;
			productReference = 8DD76FB20486AB0100D96B5E /* ghosts */;
			productType = "com.apple.product-type.tool";
		};
/* End PBXNativeTarget section */

/* Begin PBXProject section */
		08FB7793FE84155DC02AAC07 /* Project object */ = {
			isa = PBXProject;
			buildConfigurationList = 1DEB928908733DD80010E9CD /* Build configuration list for PBXProject "ghosts" */;
			compatibilityVersion = "Xcode 3.1";
			developmentRegion = English;
			hasScannedForEncodings = 1;
			knownRegions = (
				English,
				Japanese,
				French,
				German,
			);
			mainGroup = 08FB7794FE84155DC02AAC07 /* ghosts */;
			projectDirPath = "";
			projectRoot = "";
			targets = (
				8DD76FA90486AB0100D96B5E /* ghosts */,
			);
		};
/* End PBXProject section */

/* Begin PBXSourcesBuildPhase section */
		8DD76FAB0486AB0100D96B5E /* Sources */ = {
			isa = PBXSourcesBuildPhase;
			buildActionMask = 2147483647;
			files = (
				A1CD49D3166C7C3900383A6B /* gl_screen.c in Sources */,
				A1CD49D4166C7C3900383A6B /* gl_shader.c in Sources */,
				A1CD49D5166C7C3900383A6B /* glut_main.c in Sources */,
				A1CD49D6166C7C3900383A6B /* main.cpp in Sources */,
				A1CD49D7166C7C3900383A6B /* test_image.c in Sources */,
				A193927E16744B500081CE31 /* gl_pixel.c in Sources */,
				A125D2F3168929BF00269628 /* gl_pixel_buffer.c in Sources */,
				A125D2F4168929BF00269628 /* gl_texture.c in Sources */,
				A1D5DE01168AA730003B1DE1 /* log.c in Sources */,
				A1B5E40E1699171B009170C1 /* gl_canvas.c in Sources */,
				A16CEFAD16ACEF62008E79A0 /* command.c in Sources */,
				A16CEFAE16ACEF62008E79A0 /* image.c in Sources */,
			);
			runOnlyForDeploymentPostprocessing = 0;
		};
/* End PBXSourcesBuildPhase section */

/* Begin XCBuildConfiguration section */
		1DEB928608733DD80010E9CD /* Debug */ = {
			isa = XCBuildConfiguration;
			buildSettings = {
				ALWAYS_SEARCH_USER_PATHS = NO;
				COPY_PHASE_STRIP = NO;
				GCC_DYNAMIC_NO_PIC = NO;
				GCC_ENABLE_FIX_AND_CONTINUE = YES;
				GCC_MODEL_TUNING = G5;
				GCC_OPTIMIZATION_LEVEL = 0;
				INSTALL_PATH = /usr/local/bin;
				ONLY_ACTIVE_ARCH = YES;
				OTHER_LDFLAGS = (
					"-lfreenect",
					"-lGLEW",
				);
				PRODUCT_NAME = ghosts;
			};
			name = Debug;
		};
		1DEB928708733DD80010E9CD /* Release */ = {
			isa = XCBuildConfiguration;
			buildSettings = {
				ALWAYS_SEARCH_USER_PATHS = NO;
				DEBUG_INFORMATION_FORMAT = "dwarf-with-dsym";
				GCC_MODEL_TUNING = G5;
				INSTALL_PATH = /usr/local/bin;
				ONLY_ACTIVE_ARCH = YES;
				OTHER_LDFLAGS = (
					"-lfreenect",
					"-lGLEW",
				);
				PRODUCT_NAME = ghosts;
			};
			name = Release;
		};
		1DEB928A08733DD80010E9CD /* Debug */ = {
			isa = XCBuildConfiguration;
			buildSettings = {
				ARCHS = "$(ARCHS_STANDARD_32_64_BIT)";
				GCC_C_LANGUAGE_STANDARD = gnu99;
				GCC_OPTIMIZATION_LEVEL = 0;
				GCC_WARN_ABOUT_RETURN_TYPE = YES;
				GCC_WARN_UNUSED_VARIABLE = YES;
				HEADER_SEARCH_PATHS = /lol/include;
				LIBRARY_SEARCH_PATHS = /lol/lib;
				ONLY_ACTIVE_ARCH = YES;
				PREBINDING = NO;
				SDKROOT = macosx10.6;
			};
			name = Debug;
		};
		1DEB928B08733DD80010E9CD /* Release */ = {
			isa = XCBuildConfiguration;
			buildSettings = {
				ARCHS = "$(ARCHS_STANDARD_32_64_BIT)";
				GCC_C_LANGUAGE_STANDARD = gnu99;
				GCC_WARN_ABOUT_RETURN_TYPE = YES;
				GCC_WARN_UNUSED_VARIABLE = YES;
				HEADER_SEARCH_PATHS = /lol/include;
				LIBRARY_SEARCH_PATHS = /lol/lib;
				PREBINDING = NO;
				SDKROOT = macosx10.6;
			};
			name = Release;
		};
/* End XCBuildConfiguration section */

/* Begin XCConfigurationList section */
		1DEB928508733DD80010E9CD /* Build configuration list for PBXNativeTarget "ghosts" */ = {
			isa = XCConfigurationList;
			buildConfigurations = (
				1DEB928608733DD80010E9CD /* Debug */,
				1DEB928708733DD80010E9CD /* Release */,
			);
			defaultConfigurationIsVisible = 0;
			defaultConfigurationName = Release;
		};
		1DEB928908733DD80010E9CD /* Build configuration list for PBXProject "ghosts" */ = {
			isa = XCConfigurationList;
			buildConfigurations = (
				1DEB928A08733DD80010E9CD /* Debug */,
				1DEB928B08733DD80010E9CD /* Release */,
			);
			defaultConfigurationIsVisible = 0;
			defaultConfigurationName = Release;
		};
/* End XCConfigurationList section */
	};
	rootObject = 08FB7793FE84155DC02AAC07 /* Project object */;
}
